{
    "_readme": [
        "This file locks the dependencies of your project to a known state",
        "Read more about it at http://getcomposer.org/doc/01-basic-usage.md#composer-lock-the-lock-file",
        "This file is @generated automatically"
    ],
    "hash": "c1f975fd685ba686cdd4bc13cb2fffad",
    "packages": [
        {
            "name": "mailchimp/mailchimp",
            "version": "2.0.5",
            "source": {
                "type": "git",
                "url": "https://bitbucket.org/mailchimp/mailchimp-api-php.git",
                "reference": "a884ee03dd282deddfc471257b01fd09e5cd06dc"
            },
            "dist": {
                "type": "zip",
                "url": "https://bitbucket.org/mailchimp/mailchimp-api-php/get/a884ee03dd282deddfc471257b01fd09e5cd06dc.zip",
                "reference": "a884ee03dd282deddfc471257b01fd09e5cd06dc",
                "shasum": ""
            },
            "require": {
                "php": ">=5.2.0"
            },
            "require-dev": {
                "apigen/apigen": "dev-master"
            },
            "type": "library",
            "autoload": {
                "psr-0": {
                    "Mailchimp": "src/"
                }
            },
            "notification-url": "https://packagist.org/downloads/",
            "license": [
                "MIT"
            ],
            "authors": [
                {
                    "name": "MailChimp Devs",
                    "email": "api@mailchimp.com",
                    "homepage": "http://mailchimp.com",
                    "role": "Developer"
                }
            ],
            "description": "API client library for the MailChimp bulk email as a service platform",
            "homepage": "https://bitbucket.org/mailchimp/mailchimp-api-php",
            "keywords": [
                "api",
                "email"
            ],
            "time": "2014-06-09 21:40:35"
        }
    ],
    "packages-dev": [

    ],
    "aliases": [

    ],
    "minimum-stability": "stable",
    "stability-flags": [

    ],
    "prefer-stable": false,
    "platform": [

    ],
    "platform-dev": [

    ]
}
